
Microsoft Visual Studio Solution File, Format Version 12.00
# Visual Studio 15
VisualStudioVersion = 15.0.27004.2009
MinimumVisualStudioVersion = 10.0.40219.1
Project("{FAE04EC0-301F-11D3-BF4B-00C04F79EFBC}") = "joselima.dicom.reader", "DicomReader\joselima.dicom.reader.csproj", "{73AC8640-F8A1-45C6-85A5-D84B350DED54}"
EndProject
Project("{FAE04EC0-301F-11D3-BF4B-00C04F79EFBC}") = "joselima.dicom.reader._tests", "joselima.dicom.reader._tests\joselima.dicom.reader._tests.csproj", "{029F08F9-D91F-4BB3-B4DA-8DA8D43E2823}"
EndProject
Global
	GlobalSection(SolutionConfigurationPlatforms) = preSolution
		Debug|Any CPU = Debug|Any CPU
		Release|Any CPU = Release|Any CPU
	EndGlobalSection
	GlobalSection(ProjectConfigurationPlatforms) = postSolution
		{73AC8640-F8A1-45C6-85A5-D84B350DED54}.Debug|Any CPU.ActiveCfg = Debug|Any CPU
		{73AC8640-F8A1-45C6-85A5-D84B350DED54}.Debug|Any CPU.Build.0 = Debug|Any CPU
		{73AC8640-F8A1-45C6-85A5-D84B350DED54}.Release|Any CPU.ActiveCfg = Release|Any CPU
		{73AC8640-F8A1-45C6-85A5-D84B350DED54}.Release|Any CPU.Build.0 = Release|Any CPU
		{029F08F9-D91F-4BB3-B4DA-8DA8D43E2823}.Debug|Any CPU.ActiveCfg = Debug|Any CPU
		{029F08F9-D91F-4BB3-B4DA-8DA8D43E2823}.Debug|Any CPU.Build.0 = Debug|Any CPU
		{029F08F9-D91F-4BB3-B4DA-8DA8D43E2823}.Release|Any CPU.ActiveCfg = Release|Any CPU
		{029F08F9-D91F-4BB3-B4DA-8DA8D43E2823}.Release|Any CPU.Build.0 = Release|Any CPU
	EndGlobalSection
	GlobalSection(SolutionProperties) = preSolution
		HideSolutionNode = FALSE
	EndGlobalSection
	GlobalSection(ExtensibilityGlobals) = postSolution
		SolutionGuid = {5545069C-5EB6-45F3-AC27-36254FF7EF38}
	EndGlobalSection
EndGlobal
